
Microsoft Visual Studio Solution File, Format Version 12.00
# Visual Studio Version 16
VisualStudioVersion = 25.0.1706.8
MinimumVisualStudioVersion = 10.0.40219.1
Project("{FAE04EC0-301F-11D3-BF4B-00C04F79EFBC}") = "BookStoreApi", "BookStoreApi\BookStoreApi.csproj", "{F46F939B-D035-4970-A03E-5E56A141CA40}"
EndProject
Global
	GlobalSection(SolutionConfigurationPlatforms) = preSolution
		Debug|Any CPU = Debug|Any CPU
		Release|Any CPU = Release|Any CPU
	EndGlobalSection
	GlobalSection(ProjectConfigurationPlatforms) = postSolution
		{F46F939B-D035-4970-A03E-5E56A141CA40}.Debug|Any CPU.ActiveCfg = Debug|Any CPU
		{F46F939B-D035-4970-A03E-5E56A141CA40}.Debug|Any CPU.Build.0 = Debug|Any CPU
		{F46F939B-D035-4970-A03E-5E56A141CA40}.Release|Any CPU.ActiveCfg = Release|Any CPU
		{F46F939B-D035-4970-A03E-5E56A141CA40}.Release|Any CPU.Build.0 = Release|Any CPU
	EndGlobalSection
	GlobalSection(SolutionProperties) = preSolution
		HideSolutionNode = FALSE
	EndGlobalSection
	GlobalSection(ExtensibilityGlobals) = postSolution
		SolutionGuid = {B4A9491C-1F7A-43C8-AD52-CA3F101DC6B6}
	EndGlobalSection
EndGlobal
